
Microsoft Visual Studio Solution File, Format Version 12.00
# Visual Studio Version 16
VisualStudioVersion = 16.0.31911.196
MinimumVisualStudioVersion = 10.0.40219.1
Project("{FAE04EC0-301F-11D3-BF4B-00C04F79EFBC}") = "BlazorApp_CascadingValues1", "BlazorApp_CascadingValues1\BlazorApp_CascadingValues1.csproj", "{7E932937-88F9-498B-BC32-95C17BF010F9}"
EndProject
Global
	GlobalSection(SolutionConfigurationPlatforms) = preSolution
		Debug|Any CPU = Debug|Any CPU
		Release|Any CPU = Release|Any CPU
	EndGlobalSection
	GlobalSection(ProjectConfigurationPlatforms) = postSolution
		{7E932937-88F9-498B-BC32-95C17BF010F9}.Debug|Any CPU.ActiveCfg = Debug|Any CPU
		{7E932937-88F9-498B-BC32-95C17BF010F9}.Debug|Any CPU.Build.0 = Debug|Any CPU
		{7E932937-88F9-498B-BC32-95C17BF010F9}.Release|Any CPU.ActiveCfg = Release|Any CPU
		{7E932937-88F9-498B-BC32-95C17BF010F9}.Release|Any CPU.Build.0 = Release|Any CPU
	EndGlobalSection
	GlobalSection(SolutionProperties) = preSolution
		HideSolutionNode = FALSE
	EndGlobalSection
	GlobalSection(ExtensibilityGlobals) = postSolution
		SolutionGuid = {B504F01C-E60F-484B-838F-36172CC03524}
	EndGlobalSection
EndGlobal
